
Microsoft Visual Studio Solution File, Format Version 12.00
Project("{FAE04EC0-301F-11D3-BF4B-00C04F79EFBC}") = "BYOC.Data", "BYOC.Data\BYOC.Data.csproj", "{C9116874-74AA-48BD-B15A-C6BBFC15ED77}"
EndProject
Project("{FAE04EC0-301F-11D3-BF4B-00C04F79EFBC}") = "BYOC.Console", "BYOC.Console\BYOC.Console.csproj", "{0ABDFBD8-A9E6-4502-9E41-F0C777C7D84E}"
EndProject
Project("{FAE04EC0-301F-11D3-BF4B-00C04F79EFBC}") = "BYOC.Tests", "BYOC.Tests\BYOC.Tests.csproj", "{1D19576C-3688-4D6A-A671-4C4B86C8884C}"
EndProject
Global
	GlobalSection(SolutionConfigurationPlatforms) = preSolution
		Debug|Any CPU = Debug|Any CPU
		Release|Any CPU = Release|Any CPU
	EndGlobalSection
	GlobalSection(ProjectConfigurationPlatforms) = postSolution
		{C9116874-74AA-48BD-B15A-C6BBFC15ED77}.Debug|Any CPU.ActiveCfg = Debug|Any CPU
		{C9116874-74AA-48BD-B15A-C6BBFC15ED77}.Debug|Any CPU.Build.0 = Debug|Any CPU
		{C9116874-74AA-48BD-B15A-C6BBFC15ED77}.Release|Any CPU.ActiveCfg = Release|Any CPU
		{C9116874-74AA-48BD-B15A-C6BBFC15ED77}.Release|Any CPU.Build.0 = Release|Any CPU
		{0ABDFBD8-A9E6-4502-9E41-F0C777C7D84E}.Debug|Any CPU.ActiveCfg = Debug|Any CPU
		{0ABDFBD8-A9E6-4502-9E41-F0C777C7D84E}.Debug|Any CPU.Build.0 = Debug|Any CPU
		{0ABDFBD8-A9E6-4502-9E41-F0C777C7D84E}.Release|Any CPU.ActiveCfg = Release|Any CPU
		{0ABDFBD8-A9E6-4502-9E41-F0C777C7D84E}.Release|Any CPU.Build.0 = Release|Any CPU
		{1D19576C-3688-4D6A-A671-4C4B86C8884C}.Debug|Any CPU.ActiveCfg = Debug|Any CPU
		{1D19576C-3688-4D6A-A671-4C4B86C8884C}.Debug|Any CPU.Build.0 = Debug|Any CPU
		{1D19576C-3688-4D6A-A671-4C4B86C8884C}.Release|Any CPU.ActiveCfg = Release|Any CPU
		{1D19576C-3688-4D6A-A671-4C4B86C8884C}.Release|Any CPU.Build.0 = Release|Any CPU
	EndGlobalSection
EndGlobal
